
Microsoft Visual Studio Solution File, Format Version 12.00
# Visual Studio 14
VisualStudioVersion = 14.0.25123.0
MinimumVisualStudioVersion = 10.0.40219.1
Project("{FAE04EC0-301F-11D3-BF4B-00C04F79EFBC}") = "DbTester", "src\DbTester\DbTester.csproj", "{EADFD8FB-861E-4C60-A822-14E43ABA3387}"
EndProject
Project("{FAE04EC0-301F-11D3-BF4B-00C04F79EFBC}") = "DbTester.Test", "test\DbTester.Test\DbTester.Test.csproj", "{E82A626F-6535-4365-90E1-4ADDBEAF0255}"
EndProject
Project("{2150E333-8FDC-42A3-9474-1A3956D46DE8}") = "test", "test", "{F47B9C81-9BDC-4383-B1BA-4CEA308616AE}"
EndProject
Global
	GlobalSection(SolutionConfigurationPlatforms) = preSolution
		Debug|Any CPU = Debug|Any CPU
		Release|Any CPU = Release|Any CPU
	EndGlobalSection
	GlobalSection(ProjectConfigurationPlatforms) = postSolution
		{EADFD8FB-861E-4C60-A822-14E43ABA3387}.Debug|Any CPU.ActiveCfg = Debug|Any CPU
		{EADFD8FB-861E-4C60-A822-14E43ABA3387}.Debug|Any CPU.Build.0 = Debug|Any CPU
		{EADFD8FB-861E-4C60-A822-14E43ABA3387}.Release|Any CPU.ActiveCfg = Release|Any CPU
		{EADFD8FB-861E-4C60-A822-14E43ABA3387}.Release|Any CPU.Build.0 = Release|Any CPU
		{E82A626F-6535-4365-90E1-4ADDBEAF0255}.Debug|Any CPU.ActiveCfg = Debug|Any CPU
		{E82A626F-6535-4365-90E1-4ADDBEAF0255}.Debug|Any CPU.Build.0 = Debug|Any CPU
		{E82A626F-6535-4365-90E1-4ADDBEAF0255}.Release|Any CPU.ActiveCfg = Release|Any CPU
		{E82A626F-6535-4365-90E1-4ADDBEAF0255}.Release|Any CPU.Build.0 = Release|Any CPU
	EndGlobalSection
	GlobalSection(SolutionProperties) = preSolution
		HideSolutionNode = FALSE
	EndGlobalSection
	GlobalSection(NestedProjects) = preSolution
		{E82A626F-6535-4365-90E1-4ADDBEAF0255} = {F47B9C81-9BDC-4383-B1BA-4CEA308616AE}
	EndGlobalSection
EndGlobal
